{
  "name": "str-reverse-npm-pkg",
  "version": "1.0.0",
  "lockfileVersion": 3,
  "requires": true,
  "packages": {
    "": {
      "name": "str-reverse-npm-pkg",
      "version": "1.0.0",
      "license": "ISC",
      "dependencies": {
        "str-reverse-npm-pkg": "^1.0.0"
      }
    },
    "node_modules/str-reverse-npm-pkg": {
      "version": "1.0.0",
      "resolved": "https://registry.npmjs.org/str-reverse-npm-pkg/-/str-reverse-npm-pkg-1.0.0.tgz",
      "integrity": "sha512-L0CxNLfQ/akuJRqSee/uKLmV1Eexp9LUCP/jZsp8Xju/2OO+zHgo9f18L5C+64ushqXT/DMvzMWJWPl8r10H3A=="
    }
  }
}
